
Microsoft Visual Studio Solution File, Format Version 12.00
# Visual Studio 15
VisualStudioVersion = 15.0.28307.168
MinimumVisualStudioVersion = 10.0.40219.1
Project("{9A19103F-16F7-4668-BE54-9A1E7A4F7556}") = "LootBoyFarm", "LootBoyFarm\LootBoyFarm.csproj", "{A05D2175-A9D3-4BC0-83FB-FFBBF60F70C8}"
EndProject
Project("{9A19103F-16F7-4668-BE54-9A1E7A4F7556}") = "Runner", "Runner\Runner.csproj", "{26A71C3E-49E2-413F-927A-2600918186B5}"
EndProject
Project("{FAE04EC0-301F-11D3-BF4B-00C04F79EFBC}") = "Lootboy", "Lootboy\Lootboy.csproj", "{34AF7758-E5F5-4165-8156-FB8B195256ED}"
EndProject
Project("{FAE04EC0-301F-11D3-BF4B-00C04F79EFBC}") = "LootBoyStandart", "LootBoyStandart\LootBoyStandart.csproj", "{67A2EA8F-2213-41CC-8BF7-54F63BAAB34B}"
EndProject
Global
	GlobalSection(SolutionConfigurationPlatforms) = preSolution
		Debug|Any CPU = Debug|Any CPU
		Release|Any CPU = Release|Any CPU
	EndGlobalSection
	GlobalSection(ProjectConfigurationPlatforms) = postSolution
		{A05D2175-A9D3-4BC0-83FB-FFBBF60F70C8}.Debug|Any CPU.ActiveCfg = Debug|Any CPU
		{A05D2175-A9D3-4BC0-83FB-FFBBF60F70C8}.Debug|Any CPU.Build.0 = Debug|Any CPU
		{A05D2175-A9D3-4BC0-83FB-FFBBF60F70C8}.Release|Any CPU.ActiveCfg = Release|Any CPU
		{A05D2175-A9D3-4BC0-83FB-FFBBF60F70C8}.Release|Any CPU.Build.0 = Release|Any CPU
		{26A71C3E-49E2-413F-927A-2600918186B5}.Debug|Any CPU.ActiveCfg = Debug|Any CPU
		{26A71C3E-49E2-413F-927A-2600918186B5}.Debug|Any CPU.Build.0 = Debug|Any CPU
		{26A71C3E-49E2-413F-927A-2600918186B5}.Release|Any CPU.ActiveCfg = Release|Any CPU
		{26A71C3E-49E2-413F-927A-2600918186B5}.Release|Any CPU.Build.0 = Release|Any CPU
		{34AF7758-E5F5-4165-8156-FB8B195256ED}.Debug|Any CPU.ActiveCfg = Debug|Any CPU
		{34AF7758-E5F5-4165-8156-FB8B195256ED}.Debug|Any CPU.Build.0 = Debug|Any CPU
		{34AF7758-E5F5-4165-8156-FB8B195256ED}.Release|Any CPU.ActiveCfg = Release|Any CPU
		{34AF7758-E5F5-4165-8156-FB8B195256ED}.Release|Any CPU.Build.0 = Release|Any CPU
		{67A2EA8F-2213-41CC-8BF7-54F63BAAB34B}.Debug|Any CPU.ActiveCfg = Debug|Any CPU
		{67A2EA8F-2213-41CC-8BF7-54F63BAAB34B}.Debug|Any CPU.Build.0 = Debug|Any CPU
		{67A2EA8F-2213-41CC-8BF7-54F63BAAB34B}.Release|Any CPU.ActiveCfg = Release|Any CPU
		{67A2EA8F-2213-41CC-8BF7-54F63BAAB34B}.Release|Any CPU.Build.0 = Release|Any CPU
	EndGlobalSection
	GlobalSection(SolutionProperties) = preSolution
		HideSolutionNode = FALSE
	EndGlobalSection
	GlobalSection(ExtensibilityGlobals) = postSolution
		SolutionGuid = {2A40E923-D598-44A4-8C2A-7013E298CFC0}
	EndGlobalSection
EndGlobal
